
Microsoft Visual Studio Solution File, Format Version 12.00
# Visual Studio 15
VisualStudioVersion = 15.0.27004.2005
MinimumVisualStudioVersion = 10.0.40219.1
Project("{FAE04EC0-301F-11D3-BF4B-00C04F79EFBC}") = "PixelVision", "PixelVision\PixelVision.csproj", "{8F3C0AD1-7CA3-45D7-A2E2-ECB3B268F885}"
EndProject
Project("{FAE04EC0-301F-11D3-BF4B-00C04F79EFBC}") = "MonoGameRunner", "MonoGameRunner\MonoGameRunner.csproj", "{2EF0B9A9-3C58-4C2F-8B18-460F34F803FE}"
EndProject
Global
	GlobalSection(SolutionConfigurationPlatforms) = preSolution
		Debug|Any CPU = Debug|Any CPU
		Release|Any CPU = Release|Any CPU
	EndGlobalSection
	GlobalSection(ProjectConfigurationPlatforms) = postSolution
		{8F3C0AD1-7CA3-45D7-A2E2-ECB3B268F885}.Debug|Any CPU.ActiveCfg = Debug|Any CPU
		{8F3C0AD1-7CA3-45D7-A2E2-ECB3B268F885}.Debug|Any CPU.Build.0 = Debug|Any CPU
		{8F3C0AD1-7CA3-45D7-A2E2-ECB3B268F885}.Release|Any CPU.ActiveCfg = Release|Any CPU
		{8F3C0AD1-7CA3-45D7-A2E2-ECB3B268F885}.Release|Any CPU.Build.0 = Release|Any CPU
		{2EF0B9A9-3C58-4C2F-8B18-460F34F803FE}.Debug|Any CPU.ActiveCfg = Debug|Any CPU
		{2EF0B9A9-3C58-4C2F-8B18-460F34F803FE}.Debug|Any CPU.Build.0 = Debug|Any CPU
		{2EF0B9A9-3C58-4C2F-8B18-460F34F803FE}.Release|Any CPU.ActiveCfg = Release|Any CPU
		{2EF0B9A9-3C58-4C2F-8B18-460F34F803FE}.Release|Any CPU.Build.0 = Release|Any CPU
	EndGlobalSection
	GlobalSection(SolutionProperties) = preSolution
		HideSolutionNode = FALSE
	EndGlobalSection
	GlobalSection(ExtensibilityGlobals) = postSolution
		SolutionGuid = {B1EE6DD1-738F-4B4F-99AE-69C3BA00AD5C}
	EndGlobalSection
EndGlobal
